// !$*UTF8*$!
{
	archiveVersion = 1;
	classes = {
	};
	objectVersion = 46;
	objects = {

/* Begin PBXBuildFile section */
		C607A04F1D5326DF009CFF01 /* QQ20160804-0.png in Resources */ = {isa = PBXBuildFile; fileRef = C607A04E1D5326DF009CFF01 /* QQ20160804-0.png */; };
		C62184E71D5191690077E59E /* main.m in Sources */ = {isa = PBXBuildFile; fileRef = C62184E61D5191690077E59E /* main.m */; };
		C62184EA1D5191690077E59E /* AppDelegate.m in Sources */ = {isa = PBXBuildFile; fileRef = C62184E91D5191690077E59E /* AppDelegate.m */; };
		C62184ED1D5191690077E59E /* ViewController.m in Sources */ = {isa = PBXBuildFile; fileRef = C62184EC1D5191690077E59E /* ViewController.m */; };
		C62184F01D5191690077E59E /* Main.storyboard in Resources */ = {isa = PBXBuildFile; fileRef = C62184EE1D5191690077E59E /* Main.storyboard */; };
		C62184F21D5191690077E59E /* Assets.xcassets in Resources */ = {isa = PBXBuildFile; fileRef = C62184F11D5191690077E59E /* Assets.xcassets */; };
		C62184F51D5191690077E59E /* LaunchScreen.storyboard in Resources */ = {isa = PBXBuildFile; fileRef = C62184F31D5191690077E59E /* LaunchScreen.storyboard */; };
		C62185001D5191690077E59E /* CAayerTextTests.m in Sources */ = {isa = PBXBuildFile; fileRef = C62184FF1D5191690077E59E /* CAayerTextTests.m */; };
		C621850B1D5191690077E59E /* CAayerTextUITests.m in Sources */ = {isa = PBXBuildFile; fileRef = C621850A1D5191690077E59E /* CAayerTextUITests.m */; };
		C62185191D51919D0077E59E /* QuartzCore.framework in Frameworks */ = {isa = PBXBuildFile; fileRef = C62185181D51919D0077E59E /* QuartzCore.framework */; };
		C621851D1D519A500077E59E /* 0.jpg in Resources */ = {isa = PBXBuildFile; fileRef = C621851C1D519A500077E59E /* 0.jpg */; };
		C621851F1D51A17C0077E59E /* 6.jpg in Resources */ = {isa = PBXBuildFile; fileRef = C621851E1D51A17C0077E59E /* 6.jpg */; };
/* End PBXBuildFile section */

/* Begin PBXContainerItemProxy section */
		C62184FC1D5191690077E59E /* PBXContainerItemProxy */ = {
			isa = PBXContainerItemProxy;
			containerPortal = C62184DA1D5191690077E59E /* Project object */;
			proxyType = 1;
			remoteGlobalIDString = C62184E11D5191690077E59E;
			remoteInfo = CAayerText;
		};
		C62185071D5191690077E59E /* PBXContainerItemProxy */ = {
			isa = PBXContainerItemProxy;
			containerPortal = C62184DA1D5191690077E59E /* Project object */;
			proxyType = 1;
			remoteGlobalIDString = C62184E11D5191690077E59E;
			remoteInfo = CAayerText;
		};
/* End PBXContainerItemProxy section */

/* Begin PBXFileReference section */
		C607A04E1D5326DF009CFF01 /* QQ20160804-0.png */ = {isa = PBXFileReference; lastKnownFileType = image.png; path = "QQ20160804-0.png"; sourceTree = "<group>"; };
		C62184E21D5191690077E59E /* CAayerText.app */ = {isa = PBXFileReference; explicitFileType = wrapper.application; includeInIndex = 0; path = CAayerText.app; sourceTree = BUILT_PRODUCTS_DIR; };
		C62184E61D5191690077E59E /* main.m */ = {isa = PBXFileReference; lastKnownFileType = sourcecode.c.objc; path = main.m; sourceTree = "<group>"; };
		C62184E81D5191690077E59E /* AppDelegate.h */ = {isa = PBXFileReference; lastKnownFileType = sourcecode.c.h; path = AppDelegate.h; sourceTree = "<group>"; };
		C62184E91D5191690077E59E /* AppDelegate.m */ = {isa = PBXFileReference; lastKnownFileType = sourcecode.c.objc; path = AppDelegate.m; sourceTree = "<group>"; };
		C62184EB1D5191690077E59E /* ViewController.h */ = {isa = PBXFileReference; lastKnownFileType = sourcecode.c.h; path = ViewController.h; sourceTree = "<group>"; };
		C62184EC1D5191690077E59E /* ViewController.m */ = {isa = PBXFileReference; lastKnownFileType = sourcecode.c.objc; path = ViewController.m; sourceTree = "<group>"; };
		C62184EF1D5191690077E59E /* Base */ = {isa = PBXFileReference; lastKnownFileType = file.storyboard; name = Base; path = Base.lproj/Main.storyboard; sourceTree = "<group>"; };
		C62184F11D5191690077E59E /* Assets.xcassets */ = {isa = PBXFileReference; lastKnownFileType = folder.assetcatalog; path = Assets.xcassets; sourceTree = "<group>"; };
		C62184F41D5191690077E59E /* Base */ = {isa = PBXFileReference; lastKnownFileType = file.storyboard; name = Base; path = Base.lproj/LaunchScreen.storyboard; sourceTree = "<group>"; };
		C62184F61D5191690077E59E /* Info.plist */ = {isa = PBXFileReference; lastKnownFileType = text.plist.xml; path = Info.plist; sourceTree = "<group>"; };
		C62184FB1D5191690077E59E /* CAayerTextTests.xctest */ = {isa = PBXFileReference; explicitFileType = wrapper.cfbundle; includeInIndex = 0; path = CAayerTextTests.xctest; sourceTree = BUILT_PRODUCTS_DIR; };
		C62184FF1D5191690077E59E /* CAayerTextTests.m */ = {isa = PBXFileReference; lastKnownFileType = sourcecode.c.objc; path = CAayerTextTests.m; sourceTree = "<group>"; };
		C62185011D5191690077E59E /* Info.plist */ = {isa = PBXFileReference; lastKnownFileType = text.plist.xml; path = Info.plist; sourceTree = "<group>"; };
		C62185061D5191690077E59E /* CAayerTextUITests.xctest */ = {isa = PBXFileReference; explicitFileType = wrapper.cfbundle; includeInIndex = 0; path = CAayerTextUITests.xctest; sourceTree = BUILT_PRODUCTS_DIR; };
		C621850A1D5191690077E59E /* CAayerTextUITests.m */ = {isa = PBXFileReference; lastKnownFileType = sourcecode.c.objc; path = CAayerTextUITests.m; sourceTree = "<group>"; };
		C621850C1D5191690077E59E /* Info.plist */ = {isa = PBXFileReference; lastKnownFileType = text.plist.xml; path = Info.plist; sourceTree = "<group>"; };
		C62185181D51919D0077E59E /* QuartzCore.framework */ = {isa = PBXFileReference; lastKnownFileType = wrapper.framework; name = QuartzCore.framework; path = System/Library/Frameworks/QuartzCore.framework; sourceTree = SDKROOT; };
		C621851C1D519A500077E59E /* 0.jpg */ = {isa = PBXFileReference; lastKnownFileType = image.jpeg; path = 0.jpg; sourceTree = "<group>"; };
		C621851E1D51A17C0077E59E /* 6.jpg */ = {isa = PBXFileReference; lastKnownFileType = image.jpeg; path = 6.jpg; sourceTree = "<group>"; };
/* End PBXFileReference section */

/* Begin PBXFrameworksBuildPhase section */
		C62184DF1D5191690077E59E /* Frameworks */ = {
			isa = PBXFrameworksBuildPhase;
			buildActionMask = 2147483647;
			files = (
				C62185191D51919D0077E59E /* QuartzCore.framework in Frameworks */,
			);
			runOnlyForDeploymentPostprocessing = 0;
		};
		C62184F81D5191690077E59E /* Frameworks */ = {
			isa = PBXFrameworksBuildPhase;
			buildActionMask = 2147483647;
			files = (
			);
			runOnlyForDeploymentPostprocessing = 0;
		};
		C62185031D5191690077E59E /* Frameworks */ = {
			isa = PBXFrameworksBuildPhase;
			buildActionMask = 2147483647;
			files = (
			);
			runOnlyForDeploymentPostprocessing = 0;
		};
/* End PBXFrameworksBuildPhase section */

/* Begin PBXGroup section */
		C62184D91D5191690077E59E = {
			isa = PBXGroup;
			children = (
				C62185181D51919D0077E59E /* QuartzCore.framework */,
				C62184E41D5191690077E59E /* CAayerText */,
				C62184FE1D5191690077E59E /* CAayerTextTests */,
				C62185091D5191690077E59E /* CAayerTextUITests */,
				C62184E31D5191690077E59E /* Products */,
			);
			sourceTree = "<group>";
		};
		C62184E31D5191690077E59E /* Products */ = {
			isa = PBXGroup;
			children = (
				C62184E21D5191690077E59E /* CAayerText.app */,
				C62184FB1D5191690077E59E /* CAayerTextTests.xctest */,
				C62185061D5191690077E59E /* CAayerTextUITests.xctest */,
			);
			name = Products;
			sourceTree = "<group>";
		};
		C62184E41D5191690077E59E /* CAayerText */ = {
			isa = PBXGroup;
			children = (
				C607A04E1D5326DF009CFF01 /* QQ20160804-0.png */,
				C621851E1D51A17C0077E59E /* 6.jpg */,
				C621851C1D519A500077E59E /* 0.jpg */,
				C62184E81D5191690077E59E /* AppDelegate.h */,
				C62184E91D5191690077E59E /* AppDelegate.m */,
				C62184EB1D5191690077E59E /* ViewController.h */,
				C62184EC1D5191690077E59E /* ViewController.m */,
				C62184EE1D5191690077E59E /* Main.storyboard */,
				C62184F11D5191690077E59E /* Assets.xcassets */,
				C62184F31D5191690077E59E /* LaunchScreen.storyboard */,
				C62184F61D5191690077E59E /* Info.plist */,
				C62184E51D5191690077E59E /* Supporting Files */,
			);
			path = CAayerText;
			sourceTree = "<group>";
		};
		C62184E51D5191690077E59E /* Supporting Files */ = {
			isa = PBXGroup;
			children = (
				C62184E61D5191690077E59E /* main.m */,
			);
			name = "Supporting Files";
			sourceTree = "<group>";
		};
		C62184FE1D5191690077E59E /* CAayerTextTests */ = {
			isa = PBXGroup;
			children = (
				C62184FF1D5191690077E59E /* CAayerTextTests.m */,
				C62185011D5191690077E59E /* Info.plist */,
			);
			path = CAayerTextTests;
			sourceTree = "<group>";
		};
		C62185091D5191690077E59E /* CAayerTextUITests */ = {
			isa = PBXGroup;
			children = (
				C621850A1D5191690077E59E /* CAayerTextUITests.m */,
				C621850C1D5191690077E59E /* Info.plist */,
			);
			path = CAayerTextUITests;
			sourceTree = "<group>";
		};
/* End PBXGroup section */

/* Begin PBXNativeTarget section */
		C62184E11D5191690077E59E /* CAayerText */ = {
			isa = PBXNativeTarget;
			buildConfigurationList = C621850F1D5191690077E59E /* Build configuration list for PBXNativeTarget "CAayerText" */;
			buildPhases = (
				C62184DE1D5191690077E59E /* Sources */,
				C62184DF1D5191690077E59E /* Frameworks */,
				C62184E01D5191690077E59E /* Resources */,
			);
			buildRules = (
			);
			dependencies = (
			);
			name = CAayerText;
			productName = CAayerText;
			productReference = C62184E21D5191690077E59E /* CAayerText.app */;
			productType = "com.apple.product-type.application";
		};
		C62184FA1D5191690077E59E /* CAayerTextTests */ = {
			isa = PBXNativeTarget;
			buildConfigurationList = C62185121D5191690077E59E /* Build configuration list for PBXNativeTarget "CAayerTextTests" */;
			buildPhases = (
				C62184F71D5191690077E59E /* Sources */,
				C62184F81D5191690077E59E /* Frameworks */,
				C62184F91D5191690077E59E /* Resources */,
			);
			buildRules = (
			);
			dependencies = (
				C62184FD1D5191690077E59E /* PBXTargetDependency */,
			);
			name = CAayerTextTests;
			productName = CAayerTextTests;
			productReference = C62184FB1D5191690077E59E /* CAayerTextTests.xctest */;
			productType = "com.apple.product-type.bundle.unit-test";
		};
		C62185051D5191690077E59E /* CAayerTextUITests */ = {
			isa = PBXNativeTarget;
			buildConfigurationList = C62185151D5191690077E59E /* Build configuration list for PBXNativeTarget "CAayerTextUITests" */;
			buildPhases = (
				C62185021D5191690077E59E /* Sources */,
				C62185031D5191690077E59E /* Frameworks */,
				C62185041D5191690077E59E /* Resources */,
			);
			buildRules = (
			);
			dependencies = (
				C62185081D5191690077E59E /* PBXTargetDependency */,
			);
			name = CAayerTextUITests;
			productName = CAayerTextUITests;
			productReference = C62185061D5191690077E59E /* CAayerTextUITests.xctest */;
			productType = "com.apple.product-type.bundle.ui-testing";
		};
/* End PBXNativeTarget section */

/* Begin PBXProject section */
		C62184DA1D5191690077E59E /* Project object */ = {
			isa = PBXProject;
			attributes = {
				LastUpgradeCheck = 0720;
				ORGANIZATIONNAME = LNXD1;
				TargetAttributes = {
					C62184E11D5191690077E59E = {
						CreatedOnToolsVersion = 7.2.1;
					};
					C62184FA1D5191690077E59E = {
						CreatedOnToolsVersion = 7.2.1;
						TestTargetID = C62184E11D5191690077E59E;
					};
					C62185051D5191690077E59E = {
						CreatedOnToolsVersion = 7.2.1;
						TestTargetID = C62184E11D5191690077E59E;
					};
				};
			};
			buildConfigurationList = C62184DD1D5191690077E59E /* Build configuration list for PBXProject "CAayerText" */;
			compatibilityVersion = "Xcode 3.2";
			developmentRegion = English;
			hasScannedForEncodings = 0;
			knownRegions = (
				en,
				Base,
			);
			mainGroup = C62184D91D5191690077E59E;
			productRefGroup = C62184E31D5191690077E59E /* Products */;
			projectDirPath = "";
			projectRoot = "";
			targets = (
				C62184E11D5191690077E59E /* CAayerText */,
				C62184FA1D5191690077E59E /* CAayerTextTests */,
				C62185051D5191690077E59E /* CAayerTextUITests */,
			);
		};
/* End PBXProject section */

/* Begin PBXResourcesBuildPhase section */
		C62184E01D5191690077E59E /* Resources */ = {
			isa = PBXResourcesBuildPhase;
			buildActionMask = 2147483647;
			files = (
				C621851D1D519A500077E59E /* 0.jpg in Resources */,
				C607A04F1D5326DF009CFF01 /* QQ20160804-0.png in Resources */,
				C62184F51D5191690077E59E /* LaunchScreen.storyboard in Resources */,
				C62184F21D5191690077E59E /* Assets.xcassets in Resources */,
				C62184F01D5191690077E59E /* Main.storyboard in Resources */,
				C621851F1D51A17C0077E59E /* 6.jpg in Resources */,
			);
			runOnlyForDeploymentPostprocessing = 0;
		};
		C62184F91D5191690077E59E /* Resources */ = {
			isa = PBXResourcesBuildPhase;
			buildActionMask = 2147483647;
			files = (
			);
			runOnlyForDeploymentPostprocessing = 0;
		};
		C62185041D5191690077E59E /* Resources */ = {
			isa = PBXResourcesBuildPhase;
			buildActionMask = 2147483647;
			files = (
			);
			runOnlyForDeploymentPostprocessing = 0;
		};
/* End PBXResourcesBuildPhase section */

/* Begin PBXSourcesBuildPhase section */
		C62184DE1D5191690077E59E /* Sources */ = {
			isa = PBXSourcesBuildPhase;
			buildActionMask = 2147483647;
			files = (
				C62184ED1D5191690077E59E /* ViewController.m in Sources */,
				C62184EA1D5191690077E59E /* AppDelegate.m in Sources */,
				C62184E71D5191690077E59E /* main.m in Sources */,
			);
			runOnlyForDeploymentPostprocessing = 0;
		};
		C62184F71D5191690077E59E /* Sources */ = {
			isa = PBXSourcesBuildPhase;
			buildActionMask = 2147483647;
			files = (
				C62185001D5191690077E59E /* CAayerTextTests.m in Sources */,
			);
			runOnlyForDeploymentPostprocessing = 0;
		};
		C62185021D5191690077E59E /* Sources */ = {
			isa = PBXSourcesBuildPhase;
			buildActionMask = 2147483647;
			files = (
				C621850B1D5191690077E59E /* CAayerTextUITests.m in Sources */,
			);
			runOnlyForDeploymentPostprocessing = 0;
		};
/* End PBXSourcesBuildPhase section */

/* Begin PBXTargetDependency section */
		C62184FD1D5191690077E59E /* PBXTargetDependency */ = {
			isa = PBXTargetDependency;
			target = C62184E11D5191690077E59E /* CAayerText */;
			targetProxy = C62184FC1D5191690077E59E /* PBXContainerItemProxy */;
		};
		C62185081D5191690077E59E /* PBXTargetDependency */ = {
			isa = PBXTargetDependency;
			target = C62184E11D5191690077E59E /* CAayerText */;
			targetProxy = C62185071D5191690077E59E /* PBXContainerItemProxy */;
		};
/* End PBXTargetDependency section */

/* Begin PBXVariantGroup section */
		C62184EE1D5191690077E59E /* Main.storyboard */ = {
			isa = PBXVariantGroup;
			children = (
				C62184EF1D5191690077E59E /* Base */,
			);
			name = Main.storyboard;
			sourceTree = "<group>";
		};
		C62184F31D5191690077E59E /* LaunchScreen.storyboard */ = {
			isa = PBXVariantGroup;
			children = (
				C62184F41D5191690077E59E /* Base */,
			);
			name = LaunchScreen.storyboard;
			sourceTree = "<group>";
		};
/* End PBXVariantGroup section */

/* Begin XCBuildConfiguration section */
		C621850D1D5191690077E59E /* Debug */ = {
			isa = XCBuildConfiguration;
			buildSettings = {
				ALWAYS_SEARCH_USER_PATHS = NO;
				CLANG_CXX_LANGUAGE_STANDARD = "gnu++0x";
				CLANG_CXX_LIBRARY = "libc++";
				CLANG_ENABLE_MODULES = YES;
				CLANG_ENABLE_OBJC_ARC = YES;
				CLANG_WARN_BOOL_CONVERSION = YES;
				CLANG_WARN_CONSTANT_CONVERSION = YES;
				CLANG_WARN_DIRECT_OBJC_ISA_USAGE = YES_ERROR;
				CLANG_WARN_EMPTY_BODY = YES;
				CLANG_WARN_ENUM_CONVERSION = YES;
				CLANG_WARN_INT_CONVERSION = YES;
				CLANG_WARN_OBJC_ROOT_CLASS = YES_ERROR;
				CLANG_WARN_UNREACHABLE_CODE = YES;
				CLANG_WARN__DUPLICATE_METHOD_MATCH = YES;
				"CODE_SIGN_IDENTITY[sdk=iphoneos*]" = "iPhone Developer";
				COPY_PHASE_STRIP = NO;
				DEBUG_INFORMATION_FORMAT = dwarf;
				ENABLE_STRICT_OBJC_MSGSEND = YES;
				ENABLE_TESTABILITY = YES;
				GCC_C_LANGUAGE_STANDARD = gnu99;
				GCC_DYNAMIC_NO_PIC = NO;
				GCC_NO_COMMON_BLOCKS = YES;
				GCC_OPTIMIZATION_LEVEL = 0;
				GCC_PREPROCESSOR_DEFINITIONS = (
					"DEBUG=1",
					"$(inherited)",
				);
				GCC_WARN_64_TO_32_BIT_CONVERSION = YES;
				GCC_WARN_ABOUT_RETURN_TYPE = YES_ERROR;
				GCC_WARN_UNDECLARED_SELECTOR = YES;
				GCC_WARN_UNINITIALIZED_AUTOS = YES_AGGRESSIVE;
				GCC_WARN_UNUSED_FUNCTION = YES;
				GCC_WARN_UNUSED_VARIABLE = YES;
				IPHONEOS_DEPLOYMENT_TARGET = 9.2;
				MTL_ENABLE_DEBUG_INFO = YES;
				ONLY_ACTIVE_ARCH = YES;
				SDKROOT = iphoneos;
				TARGETED_DEVICE_FAMILY = "1,2";
			};
			name = Debug;
		};
		C621850E1D5191690077E59E /* Release */ = {
			isa = XCBuildConfiguration;
			buildSettings = {
				ALWAYS_SEARCH_USER_PATHS = NO;
				CLANG_CXX_LANGUAGE_STANDARD = "gnu++0x";
				CLANG_CXX_LIBRARY = "libc++";
				CLANG_ENABLE_MODULES = YES;
				CLANG_ENABLE_OBJC_ARC = YES;
				CLANG_WARN_BOOL_CONVERSION = YES;
				CLANG_WARN_CONSTANT_CONVERSION = YES;
				CLANG_WARN_DIRECT_OBJC_ISA_USAGE = YES_ERROR;
				CLANG_WARN_EMPTY_BODY = YES;
				CLANG_WARN_ENUM_CONVERSION = YES;
				CLANG_WARN_INT_CONVERSION = YES;
				CLANG_WARN_OBJC_ROOT_CLASS = YES_ERROR;
				CLANG_WARN_UNREACHABLE_CODE = YES;
				CLANG_WARN__DUPLICATE_METHOD_MATCH = YES;
				"CODE_SIGN_IDENTITY[sdk=iphoneos*]" = "iPhone Developer";
				COPY_PHASE_STRIP = NO;
				DEBUG_INFORMATION_FORMAT = "dwarf-with-dsym";
				ENABLE_NS_ASSERTIONS = NO;
				ENABLE_STRICT_OBJC_MSGSEND = YES;
				GCC_C_LANGUAGE_STANDARD = gnu99;
				GCC_NO_COMMON_BLOCKS = YES;
				GCC_WARN_64_TO_32_BIT_CONVERSION = YES;
				GCC_WARN_ABOUT_RETURN_TYPE = YES_ERROR;
				GCC_WARN_UNDECLARED_SELECTOR = YES;
				GCC_WARN_UNINITIALIZED_AUTOS = YES_AGGRESSIVE;
				GCC_WARN_UNUSED_FUNCTION = YES;
				GCC_WARN_UNUSED_VARIABLE = YES;
				IPHONEOS_DEPLOYMENT_TARGET = 9.2;
				MTL_ENABLE_DEBUG_INFO = NO;
				SDKROOT = iphoneos;
				TARGETED_DEVICE_FAMILY = "1,2";
				VALIDATE_PRODUCT = YES;
			};
			name = Release;
		};
		C62185101D5191690077E59E /* Debug */ = {
			isa = XCBuildConfiguration;
			buildSettings = {
				ASSETCATALOG_COMPILER_APPICON_NAME = AppIcon;
				INFOPLIST_FILE = CAayerText/Info.plist;
				LD_RUNPATH_SEARCH_PATHS = "$(inherited) @executable_path/Frameworks";
				PRODUCT_BUNDLE_IDENTIFIER = lnxd.CAayerText;
				PRODUCT_NAME = "$(TARGET_NAME)";
			};
			name = Debug;
		};
		C62185111D5191690077E59E /* Release */ = {
			isa = XCBuildConfiguration;
			buildSettings = {
				ASSETCATALOG_COMPILER_APPICON_NAME = AppIcon;
				INFOPLIST_FILE = CAayerText/Info.plist;
				LD_RUNPATH_SEARCH_PATHS = "$(inherited) @executable_path/Frameworks";
				PRODUCT_BUNDLE_IDENTIFIER = lnxd.CAayerText;
				PRODUCT_NAME = "$(TARGET_NAME)";
			};
			name = Release;
		};
		C62185131D5191690077E59E /* Debug */ = {
			isa = XCBuildConfiguration;
			buildSettings = {
				BUNDLE_LOADER = "$(TEST_HOST)";
				INFOPLIST_FILE = CAayerTextTests/Info.plist;
				LD_RUNPATH_SEARCH_PATHS = "$(inherited) @executable_path/Frameworks @loader_path/Frameworks";
				PRODUCT_BUNDLE_IDENTIFIER = lnxd.CAayerTextTests;
				PRODUCT_NAME = "$(TARGET_NAME)";
				TEST_HOST = "$(BUILT_PRODUCTS_DIR)/CAayerText.app/CAayerText";
			};
			name = Debug;
		};
		C62185141D5191690077E59E /* Release */ = {
			isa = XCBuildConfiguration;
			buildSettings = {
				BUNDLE_LOADER = "$(TEST_HOST)";
				INFOPLIST_FILE = CAayerTextTests/Info.plist;
				LD_RUNPATH_SEARCH_PATHS = "$(inherited) @executable_path/Frameworks @loader_path/Frameworks";
				PRODUCT_BUNDLE_IDENTIFIER = lnxd.CAayerTextTests;
				PRODUCT_NAME = "$(TARGET_NAME)";
				TEST_HOST = "$(BUILT_PRODUCTS_DIR)/CAayerText.app/CAayerText";
			};
			name = Release;
		};
		C62185161D5191690077E59E /* Debug */ = {
			isa = XCBuildConfiguration;
			buildSettings = {
				INFOPLIST_FILE = CAayerTextUITests/Info.plist;
				LD_RUNPATH_SEARCH_PATHS = "$(inherited) @executable_path/Frameworks @loader_path/Frameworks";
				PRODUCT_BUNDLE_IDENTIFIER = lnxd.CAayerTextUITests;
				PRODUCT_NAME = "$(TARGET_NAME)";
				TEST_TARGET_NAME = CAayerText;
				USES_XCTRUNNER = YES;
			};
			name = Debug;
		};
		C62185171D5191690077E59E /* Release */ = {
			isa = XCBuildConfiguration;
			buildSettings = {
				INFOPLIST_FILE = CAayerTextUITests/Info.plist;
				LD_RUNPATH_SEARCH_PATHS = "$(inherited) @executable_path/Frameworks @loader_path/Frameworks";
				PRODUCT_BUNDLE_IDENTIFIER = lnxd.CAayerTextUITests;
				PRODUCT_NAME = "$(TARGET_NAME)";
				TEST_TARGET_NAME = CAayerText;
				USES_XCTRUNNER = YES;
			};
			name = Release;
		};
/* End XCBuildConfiguration section */

/* Begin XCConfigurationList section */
		C62184DD1D5191690077E59E /* Build configuration list for PBXProject "CAayerText" */ = {
			isa = XCConfigurationList;
			buildConfigurations = (
				C621850D1D5191690077E59E /* Debug */,
				C621850E1D5191690077E59E /* Release */,
			);
			defaultConfigurationIsVisible = 0;
			defaultConfigurationName = Release;
		};
		C621850F1D5191690077E59E /* Build configuration list for PBXNativeTarget "CAayerText" */ = {
			isa = XCConfigurationList;
			buildConfigurations = (
				C62185101D5191690077E59E /* Debug */,
				C62185111D5191690077E59E /* Release */,
			);
			defaultConfigurationIsVisible = 0;
			defaultConfigurationName = Release;
		};
		C62185121D5191690077E59E /* Build configuration list for PBXNativeTarget "CAayerTextTests" */ = {
			isa = XCConfigurationList;
			buildConfigurations = (
				C62185131D5191690077E59E /* Debug */,
				C62185141D5191690077E59E /* Release */,
			);
			defaultConfigurationIsVisible = 0;
			defaultConfigurationName = Release;
		};
		C62185151D5191690077E59E /* Build configuration list for PBXNativeTarget "CAayerTextUITests" */ = {
			isa = XCConfigurationList;
			buildConfigurations = (
				C62185161D5191690077E59E /* Debug */,
				C62185171D5191690077E59E /* Release */,
			);
			defaultConfigurationIsVisible = 0;
			defaultConfigurationName = Release;
		};
/* End XCConfigurationList section */
	};
	rootObject = C62184DA1D5191690077E59E /* Project object */;
}
